
Microsoft Visual Studio Solution File, Format Version 12.00
# Visual Studio Version 17
VisualStudioVersion = 17.3.32901.215
MinimumVisualStudioVersion = 10.0.40219.1
Project("{FAE04EC0-301F-11D3-BF4B-00C04F79EFBC}") = "Rectangle", "Rectangle.csproj", "{18351E56-2EA1-4452-AE3F-66B5E3C9069E}"
EndProject
Global
	GlobalSection(SolutionConfigurationPlatforms) = preSolution
		Debug|Any CPU = Debug|Any CPU
		Release|Any CPU = Release|Any CPU
	EndGlobalSection
	GlobalSection(ProjectConfigurationPlatforms) = postSolution
		{18351E56-2EA1-4452-AE3F-66B5E3C9069E}.Debug|Any CPU.ActiveCfg = Debug|Any CPU
		{18351E56-2EA1-4452-AE3F-66B5E3C9069E}.Debug|Any CPU.Build.0 = Debug|Any CPU
		{18351E56-2EA1-4452-AE3F-66B5E3C9069E}.Release|Any CPU.ActiveCfg = Release|Any CPU
		{18351E56-2EA1-4452-AE3F-66B5E3C9069E}.Release|Any CPU.Build.0 = Release|Any CPU
	EndGlobalSection
	GlobalSection(SolutionProperties) = preSolution
		HideSolutionNode = FALSE
	EndGlobalSection
	GlobalSection(ExtensibilityGlobals) = postSolution
		SolutionGuid = {535587FB-E24E-4603-A0EC-FDD987D4C3A6}
	EndGlobalSection
EndGlobal
